{
  "name": "keeling-js-2",
  "version": "0.0.0",
  "lockfileVersion": 1,
  "requires": true,
  "dependencies": {
    "@types/node": {
      "version": "10.12.11",
      "resolved": "https://registry.npmjs.org/@types/node/-/node-10.12.11.tgz",
      "integrity": "sha512-3iIOhNiPGTdcUNVCv9e5G7GotfvJJe2pc9w2UgDXlUwnxSZ3RgcUocIU+xYm+rTU54jIKih998QE4dMOyMN1NQ==",
      "dev": true
    },
    "typescript": {
      "version": "3.2.1",
      "resolved": "https://registry.npmjs.org/typescript/-/typescript-3.2.1.tgz",
      "integrity": "sha512-jw7P2z/h6aPT4AENXDGjcfHTu5CSqzsbZc6YlUIebTyBAq8XaKp78x7VcSh30xwSCcsu5irZkYZUSFP1MrAMbg==",
      "dev": true
    }
  }
}
